# This file is autogenerated, do not edit; changes may be undone by the next 'dep ensure'.


[[projects]]
  branch = "master"
  name = "github.com/AllenDang/w32"
  packages = ["."]
  revision = "9a4ee0f7d224efbff75947fa7060daadccc4741c"

[[projects]]
  branch = "master"
  name = "github.com/BurntSushi/freetype-go"
  packages = [
    "freetype",
    "freetype/raster",
    "freetype/truetype"
  ]
  revision = "b763ddbfe298bf71c999a2833470da508f3a0677"

[[projects]]
  branch = "master"
  name = "github.com/BurntSushi/graphics-go"
  packages = [
    "graphics",
    "graphics/convolve",
    "graphics/interp"
  ]
  revision = "b43f31a4a96688fba0b612e25e22648b9267e498"

[[projects]]
  branch = "master"
  name = "github.com/BurntSushi/xgb"
  packages = [
    ".",
    "shape",
    "xinerama",
    "xproto"
  ]
  revision = "27f122750802c950b2c869a5b63dafcf590ced95"

[[projects]]
  branch = "master"
  name = "github.com/BurntSushi/xgbutil"
  packages = [
    ".",
    "ewmh",
    "icccm",
    "keybind",
    "mousebind",
    "xcursor",
    "xevent",
    "xgraphics",
    "xprop",
    "xrect",
    "xwindow"
  ]
  revision = "f7c97cef3b4e6c88280a5a7091c3314e815ca243"

[[projects]]
  name = "github.com/mattn/go-gtk"
  packages = ["gtk"]
  revision = "5359c89aae9e1a3c3e3363b94edb486486e9c4f4"
  version = "go-v5596"

[[projects]]
  branch = "master"
  name = "github.com/skelterjohn/go.wde"
  packages = [
    ".",
    "cocoa",
    "init",
    "win",
    "xgb"
  ]
  revision = "a0324cbf3ffe3dca1ee85868164bfff9f669ed6c"

[solve-meta]
  analyzer-name = "dep"
  analyzer-version = 1
  inputs-digest = "bfe1011a81bd8f28ef007f29cb7487262c78e2dbee4dc710bfa5e8afa682fe6a"
  solver-name = "gps-cdcl"
  solver-version = 1
