# This file is autogenerated, do not edit; changes may be undone by the next 'dep ensure'.


[[projects]]
  branch = "master"
  name = "github.com/AllenDang/w32"
  packages = ["."]
  revision = "9a4ee0f7d224efbff75947fa7060daadccc4741c"

[[projects]]
  branch = "master"
  name = "github.com/BurntSushi/freetype-go"
  packages = [
    "freetype",
    "freetype/raster",
    "freetype/truetype"
  ]
  revision = "b763ddbfe298bf71c999a2833470da508f3a0677"

[[projects]]
  branch = "master"
  name = "github.com/BurntSushi/graphics-go"
  packages = [
    "graphics",
    "graphics/convolve",
    "graphics/interp"
  ]
  revision = "b43f31a4a96688fba0b612e25e22648b9267e498"

[[projects]]
  branch = "master"
  name = "github.com/BurntSushi/xgb"
  packages = [
    ".",
    "shape",
    "xinerama",
    "xproto"
  ]
  revision = "27f122750802c950b2c869a5b63dafcf590ced95"

[[projects]]
  branch = "master"
  name = "github.com/BurntSushi/xgbutil"
  packages = [
    ".",
    "ewmh",
    "icccm",
    "keybind",
    "mousebind",
    "xcursor",
    "xevent",
    "xgraphics",
    "xprop",
    "xrect",
    "xwindow"
  ]
  revision = "f7c97cef3b4e6c88280a5a7091c3314e815ca243"

[[projects]]
  name = "github.com/mattn/go-gtk"
  packages = [
    "gdkpixbuf",
    "gio",
    "glib",
    "gtk",
    "pango"
  ]
  revision = "5a311a1830abecc430a6a598b24094f69d907e96"

[[projects]]
  branch = "master"
  name = "github.com/mattn/go-pointer"
  packages = ["."]
  revision = "1d30dc4b6f28271a3bd126071d4d0363e618415b"

[[projects]]
  branch = "master"
  name = "github.com/skelterjohn/go.wde"
  packages = [
    ".",
    "cocoa",
    "init",
    "win",
    "xgb"
  ]
  revision = "a0324cbf3ffe3dca1ee85868164bfff9f669ed6c"

[solve-meta]
  analyzer-name = "dep"
  analyzer-version = 1
  inputs-digest = "7e1d0e57f9ac8d5cd1688f52c795c4a8b0a9ddab67bb9fffa045ec79330a26c3"
  solver-name = "gps-cdcl"
  solver-version = 1
